{
  "nodes": {
    "flakeNimbleLib": {
      "inputs": {
        "nixpkgs": [
          "nixpkgs"
        ]
      },
      "locked": {
        "lastModified": 1662018438,
        "narHash": "sha256-QtNtU6+LX3Wokxf0zlFwKTFOcn6TeDjKQZ+DA9OYtvM=",
        "owner": "riinr",
        "repo": "nim-flakes-lib",
        "rev": "b1fe8340736e3a85d25c709ac3dfd82a55c03cbf",
        "type": "github"
      },
      "original": {
        "owner": "riinr",
        "ref": "master",
        "repo": "nim-flakes-lib",
        "type": "github"
      }
    },
    "libevdev-master": {
      "inputs": {
        "flakeNimbleLib": [
          "flakeNimbleLib"
        ],
        "nixpkgs": [
          "nixpkgs"
        ],
        "src-libevdev-master": "src-libevdev-master"
      },
      "locked": {
        "dir": "master",
        "lastModified": 1662254568,
        "narHash": "sha256-KkLmBDqdnw4evbsQy1M++8f59fDC8OGYLnGrXVV02os=",
        "owner": "nim-nix-pkgs",
        "repo": "libevdev",
        "rev": "7e2bc8813c468d9d14b3c3dc92560cce7b14c0d1",
        "type": "github"
      },
      "original": {
        "dir": "master",
        "owner": "nim-nix-pkgs",
        "ref": "master",
        "repo": "libevdev",
        "type": "github"
      }
    },
    "nixpkgs": {
      "locked": {
        "lastModified": 1667110639,
        "narHash": "sha256-4FbPESZ5LbqQxkJJJBAfk/zKgF9h/4kyUwjjpJwYlbc=",
        "owner": "NixOS",
        "repo": "nixpkgs",
        "rev": "f38a1f04d1bec1feb61fd101a0539ae2002a7087",
        "type": "github"
      },
      "original": {
        "id": "nixpkgs",
        "type": "indirect"
      }
    },
    "root": {
      "inputs": {
        "flakeNimbleLib": "flakeNimbleLib",
        "libevdev-master": "libevdev-master",
        "nixpkgs": "nixpkgs"
      }
    },
    "src-libevdev-master": {
      "flake": false,
      "locked": {
        "lastModified": 1484778093,
        "narHash": "sha256-XuvdfFqzUvM5j1TQJMdGoeOH0hgv0IFKwyqdhRYoLu8=",
        "owner": "luked99",
        "repo": "libevdev.nim",
        "rev": "5dba39fe69c1b9a73aa9b911355860ba94c4d650",
        "type": "github"
      },
      "original": {
        "owner": "luked99",
        "ref": "refs/heads/master",
        "repo": "libevdev.nim",
        "type": "github"
      }
    }
  },
  "root": "root",
  "version": 7
}
